{
  "nodes": {
    "bower2nix": {
      "flake": false,
      "locked": {
        "lastModified": 1668945623,
        "narHash": "sha256-9KQESlyFolvpQgkI+cxclOb1MhibPF8SPk/VahQduW8=",
        "owner": "rvl",
        "repo": "bower2nix",
        "rev": "5ddf92ff9346df87a7955545b6faaa473d4ce842",
        "type": "github"
      },
      "original": {
        "owner": "rvl",
        "ref": "refs/pull/23/head",
        "repo": "bower2nix",
        "type": "github"
      }
    },
    "flake-utils": {
      "locked": {
        "lastModified": 1667077288,
        "narHash": "sha256-bdC8sFNDpT0HK74u9fUkpbf1MEzVYJ+ka7NXCdgBoaA=",
        "owner": "numtide",
        "repo": "flake-utils",
        "rev": "6ee9ebb6b1ee695d2cacc4faa053a7b9baa76817",
        "type": "github"
      },
      "original": {
        "owner": "numtide",
        "repo": "flake-utils",
        "type": "github"
      }
    },
    "nixpkgs": {
      "locked": {
        "lastModified": 1668650906,
        "narHash": "sha256-JuiYfDO23O8oxUUOmhQflmOoJovyC5G4RjcYQMQjrRE=",
        "owner": "NixOS",
        "repo": "nixpkgs",
        "rev": "3a86856a13c88c8c64ea32082a851fefc79aa700",
        "type": "github"
      },
      "original": {
        "owner": "NixOS",
        "repo": "nixpkgs",
        "rev": "3a86856a13c88c8c64ea32082a851fefc79aa700",
        "type": "github"
      }
    },
    "npm-buildpackage": {
      "inputs": {
        "nixpkgs": [
          "nixpkgs"
        ]
      },
      "locked": {
        "lastModified": 1668423201,
        "narHash": "sha256-xflwwNUqHYSsfqrXkTmu0lUTPh8ZrA1igcrrc6P3XVc=",
        "owner": "serokell",
        "repo": "nix-npm-buildpackage",
        "rev": "200e47aabd2b55993561c47e8390c89bdeb18b8a",
        "type": "github"
      },
      "original": {
        "owner": "serokell",
        "repo": "nix-npm-buildpackage",
        "type": "github"
      }
    },
    "root": {
      "inputs": {
        "bower2nix": "bower2nix",
        "nixpkgs": "nixpkgs",
        "npm-buildpackage": "npm-buildpackage",
        "sbt": "sbt"
      }
    },
    "sbt": {
      "inputs": {
        "flake-utils": "flake-utils",
        "nixpkgs": [
          "nixpkgs"
        ]
      },
      "locked": {
        "lastModified": 1667335016,
        "narHash": "sha256-WyVh25dYLAhXk0twud9+etQBjK0TF8odC099uyMirX4=",
        "owner": "zaninime",
        "repo": "sbt-derivation",
        "rev": "718fd312440a3b604c1716925716b8d0cbc7a64e",
        "type": "github"
      },
      "original": {
        "owner": "zaninime",
        "repo": "sbt-derivation",
        "type": "github"
      }
    }
  },
  "root": "root",
  "version": 7
}
