{
  "nodes": {
    "flake-utils": {
      "locked": {
        "lastModified": 1667077288,
        "narHash": "sha256-bdC8sFNDpT0HK74u9fUkpbf1MEzVYJ+ka7NXCdgBoaA=",
        "owner": "numtide",
        "repo": "flake-utils",
        "rev": "6ee9ebb6b1ee695d2cacc4faa053a7b9baa76817",
        "type": "github"
      },
      "original": {
        "owner": "numtide",
        "repo": "flake-utils",
        "type": "github"
      }
    },
    "nixpkgs": {
      "locked": {
        "lastModified": 1668650906,
        "narHash": "sha256-JuiYfDO23O8oxUUOmhQflmOoJovyC5G4RjcYQMQjrRE=",
        "owner": "NixOS",
        "repo": "nixpkgs",
        "rev": "3a86856a13c88c8c64ea32082a851fefc79aa700",
        "type": "github"
      },
      "original": {
        "owner": "NixOS",
        "repo": "nixpkgs",
        "rev": "3a86856a13c88c8c64ea32082a851fefc79aa700",
        "type": "github"
      }
    },
    "root": {
      "inputs": {
        "nixpkgs": "nixpkgs",
        "sbt": "sbt"
      }
    },
    "sbt": {
      "inputs": {
        "flake-utils": "flake-utils",
        "nixpkgs": [
          "nixpkgs"
        ]
      },
      "locked": {
        "lastModified": 1667335016,
        "narHash": "sha256-WyVh25dYLAhXk0twud9+etQBjK0TF8odC099uyMirX4=",
        "owner": "zaninime",
        "repo": "sbt-derivation",
        "rev": "718fd312440a3b604c1716925716b8d0cbc7a64e",
        "type": "github"
      },
      "original": {
        "owner": "zaninime",
        "repo": "sbt-derivation",
        "type": "github"
      }
    }
  },
  "root": "root",
  "version": 7
}
